# This file is autogenerated, do not edit; changes may be undone by the next 'dep ensure'.


[[projects]]
  name = "github.com/go-chi/chi"
  packages = ["."]
  revision = "e83ac2304db3c50cf03d96a2fcd39009d458bc35"
  version = "v3.3.2"

[[projects]]
  name = "github.com/go-chi/render"
  packages = ["."]
  revision = "9f855fadd4b8cde7773f9ef51f6b2705af239519"
  version = "v1.0.0"

[[projects]]
  branch = "master"
  name = "github.com/jmoiron/sqlx"
  packages = [
    ".",
    "reflectx"
  ]
  revision = "cf35089a197953c69420c8d0cecda90809764b1d"

[[projects]]
  branch = "master"
  name = "github.com/lib/pq"
  packages = [
    ".",
    "oid"
  ]
  revision = "b2004221932bd6b13167ef654c81cffac36f7537"

[[projects]]
  name = "github.com/pkg/errors"
  packages = ["."]
  revision = "645ef00459ed84a119197bfb8d8205042c6df63d"
  version = "v0.8.0"

[[projects]]
  name = "github.com/satori/go.uuid"
  packages = ["."]
  revision = "f58768cc1a7a7e77a3bd49e98cdd21419399b6a3"
  version = "v1.2.0"

[[projects]]
  name = "github.com/sirupsen/logrus"
  packages = ["."]
  revision = "c155da19408a8799da419ed3eeb0cb5db0ad5dbc"
  version = "v1.0.5"

[[projects]]
  branch = "master"
  name = "github.com/ulule/loukoum"
  packages = [
    ".",
    "builder",
    "format",
    "lexer",
    "parser",
    "stmt",
    "token",
    "types"
  ]
  revision = "b658af15b7c4b97df2c993875bda0e9fc5cc18fe"

[[projects]]
  branch = "master"
  name = "golang.org/x/crypto"
  packages = ["ssh/terminal"]
  revision = "88942b9c40a4c9d203b82b3731787b672d6e809b"

[[projects]]
  branch = "master"
  name = "golang.org/x/sys"
  packages = [
    "unix",
    "windows"
  ]
  revision = "91ee8cde435411ca3f1cd365e8f20131aed4d0a1"

[solve-meta]
  analyzer-name = "dep"
  analyzer-version = 1
  inputs-digest = "745d293f21cf73eee399531e21100d2f34ce509200e2e0646dfd4438abd9b3f3"
  solver-name = "gps-cdcl"
  solver-version = 1
